
Microsoft Visual Studio Solution File, Format Version 12.00
# Visual Studio 2012
Project("{FAE04EC0-301F-11D3-BF4B-00C04F79EFBC}") = "MJRefresh_Xamarin", "MJRefresh_Xamarin\MJRefresh_Xamarin.csproj", "{6069B390-97E3-481F-B316-88672D6D3AEF}"
EndProject
Project("{FAE04EC0-301F-11D3-BF4B-00C04F79EFBC}") = "Test_MJRefresh", "Test_MJRefresh\Test_MJRefresh.csproj", "{828B1C88-D192-4983-A98D-1D5F186D47E2}"
EndProject
Global
	GlobalSection(SolutionConfigurationPlatforms) = preSolution
		Debug|Any CPU = Debug|Any CPU
		Release|Any CPU = Release|Any CPU
		Debug|iPhoneSimulator = Debug|iPhoneSimulator
		Release|iPhone = Release|iPhone
		Release|iPhoneSimulator = Release|iPhoneSimulator
		Debug|iPhone = Debug|iPhone
	EndGlobalSection
	GlobalSection(ProjectConfigurationPlatforms) = postSolution
		{6069B390-97E3-481F-B316-88672D6D3AEF}.Debug|Any CPU.ActiveCfg = Debug|Any CPU
		{6069B390-97E3-481F-B316-88672D6D3AEF}.Debug|Any CPU.Build.0 = Debug|Any CPU
		{6069B390-97E3-481F-B316-88672D6D3AEF}.Release|Any CPU.ActiveCfg = Release|Any CPU
		{6069B390-97E3-481F-B316-88672D6D3AEF}.Release|Any CPU.Build.0 = Release|Any CPU
		{6069B390-97E3-481F-B316-88672D6D3AEF}.Debug|iPhoneSimulator.ActiveCfg = Debug|Any CPU
		{6069B390-97E3-481F-B316-88672D6D3AEF}.Debug|iPhoneSimulator.Build.0 = Debug|Any CPU
		{6069B390-97E3-481F-B316-88672D6D3AEF}.Release|iPhone.ActiveCfg = Release|Any CPU
		{6069B390-97E3-481F-B316-88672D6D3AEF}.Release|iPhone.Build.0 = Release|Any CPU
		{6069B390-97E3-481F-B316-88672D6D3AEF}.Release|iPhoneSimulator.ActiveCfg = Release|Any CPU
		{6069B390-97E3-481F-B316-88672D6D3AEF}.Release|iPhoneSimulator.Build.0 = Release|Any CPU
		{6069B390-97E3-481F-B316-88672D6D3AEF}.Debug|iPhone.ActiveCfg = Debug|Any CPU
		{6069B390-97E3-481F-B316-88672D6D3AEF}.Debug|iPhone.Build.0 = Debug|Any CPU
		{828B1C88-D192-4983-A98D-1D5F186D47E2}.Debug|Any CPU.ActiveCfg = Debug|iPhoneSimulator
		{828B1C88-D192-4983-A98D-1D5F186D47E2}.Debug|Any CPU.Build.0 = Debug|iPhoneSimulator
		{828B1C88-D192-4983-A98D-1D5F186D47E2}.Release|Any CPU.ActiveCfg = Release|iPhone
		{828B1C88-D192-4983-A98D-1D5F186D47E2}.Release|Any CPU.Build.0 = Release|iPhone
		{828B1C88-D192-4983-A98D-1D5F186D47E2}.Debug|iPhoneSimulator.ActiveCfg = Debug|iPhoneSimulator
		{828B1C88-D192-4983-A98D-1D5F186D47E2}.Debug|iPhoneSimulator.Build.0 = Debug|iPhoneSimulator
		{828B1C88-D192-4983-A98D-1D5F186D47E2}.Release|iPhone.ActiveCfg = Release|iPhone
		{828B1C88-D192-4983-A98D-1D5F186D47E2}.Release|iPhone.Build.0 = Release|iPhone
		{828B1C88-D192-4983-A98D-1D5F186D47E2}.Release|iPhoneSimulator.ActiveCfg = Release|iPhoneSimulator
		{828B1C88-D192-4983-A98D-1D5F186D47E2}.Release|iPhoneSimulator.Build.0 = Release|iPhoneSimulator
		{828B1C88-D192-4983-A98D-1D5F186D47E2}.Debug|iPhone.ActiveCfg = Debug|iPhone
		{828B1C88-D192-4983-A98D-1D5F186D47E2}.Debug|iPhone.Build.0 = Debug|iPhone
	EndGlobalSection
EndGlobal
